Microsoft Visual Studio Solution File, Format Version 12.00
# Visual Studio Version 17
VisualStudioVersion = 17.4.33110.190
MinimumVisualStudioVersion = 10.0.40219.1
Project("{2150E333-8FDC-42A3-9474-1A3956D46DE8}") = "Api", "Api", "{82DEB440-3939-4497-9B6F-DC1974064195}"
EndProject
Project("{2150E333-8FDC-42A3-9474-1A3956D46DE8}") = "Lib", "Lib", "{9704EED6-AF66-465B-B180-AD606C16E4B4}"
EndProject
Project("{FAE04EC0-301F-11D3-BF4B-00C04F79EFBC}") = "GB.BlackDesert.Trade.Web.Lib", "Lib\GB.BlackDesert.Trade.Web.Lib\GB.BlackDesert.Trade.Web.Lib.csproj", "{5DF25510-BAC4-4C10-A3B6-15BB1E13EC00}"
EndProject
Project("{9A19103F-16F7-4668-BE54-9A1E7A4F7556}") = "GB.BlackDesert.Trade.Web.Api", "Api\GB.BlackDesert.Trade.Web.Api\GB.BlackDesert.Trade.Web.Api.csproj", "{AE899031-1861-4099-8017-684A95B0FF46}"
EndProject
Project("{9A19103F-16F7-4668-BE54-9A1E7A4F7556}") = "GB.BlackDesert.Trade.Web.Game.Api", "Api\GB.BlackDesert.Trade.Web.Game.Api\GB.BlackDesert.Trade.Web.Game.Api.csproj", "{840FDA9E-75E0-4582-8E11-F14F7AD8C9D3}"
EndProject
Project("{9A19103F-16F7-4668-BE54-9A1E7A4F7556}") = "GB.BlackDesert.Trade.Web.Process.Api", "Api\GB.BlackDesert.Trade.Web.Process.Api\GB.BlackDesert.Trade.Web.Process.Api.csproj", "{3EED77E0-1C8D-4607-BE66-7D70E5F9A305}"
EndProject
Global
	GlobalSection(SolutionConfigurationPlatforms) = preSolution
		Debug|Any CPU = Debug|Any CPU
		Release|Any CPU = Release|Any CPU
	EndGlobalSection
	GlobalSection(ProjectConfigurationPlatforms) = postSolution
		{5DF25510-BAC4-4C10-A3B6-15BB1E13EC00}.Debug|Any CPU.ActiveCfg = Debug|Any CPU
		{5DF25510-BAC4-4C10-A3B6-15BB1E13EC00}.Debug|Any CPU.Build.0 = Debug|Any CPU
		{5DF25510-BAC4-4C10-A3B6-15BB1E13EC00}.Release|Any CPU.ActiveCfg = Release|Any CPU
		{5DF25510-BAC4-4C10-A3B6-15BB1E13EC00}.Release|Any CPU.Build.0 = Release|Any CPU
		{AE899031-1861-4099-8017-684A95B0FF46}.Debug|Any CPU.ActiveCfg = Debug|Any CPU
		{AE899031-1861-4099-8017-684A95B0FF46}.Debug|Any CPU.Build.0 = Debug|Any CPU
		{AE899031-1861-4099-8017-684A95B0FF46}.Release|Any CPU.ActiveCfg = Release|Any CPU
		{AE899031-1861-4099-8017-684A95B0FF46}.Release|Any CPU.Build.0 = Release|Any CPU
		{840FDA9E-75E0-4582-8E11-F14F7AD8C9D3}.Debug|Any CPU.ActiveCfg = Debug|Any CPU
		{840FDA9E-75E0-4582-8E11-F14F7AD8C9D3}.Debug|Any CPU.Build.0 = Debug|Any CPU
		{840FDA9E-75E0-4582-8E11-F14F7AD8C9D3}.Release|Any CPU.ActiveCfg = Release|Any CPU
		{840FDA9E-75E0-4582-8E11-F14F7AD8C9D3}.Release|Any CPU.Build.0 = Release|Any CPU
		{3EED77E0-1C8D-4607-BE66-7D70E5F9A305}.Debug|Any CPU.ActiveCfg = Debug|Any CPU
		{3EED77E0-1C8D-4607-BE66-7D70E5F9A305}.Debug|Any CPU.Build.0 = Debug|Any CPU
		{3EED77E0-1C8D-4607-BE66-7D70E5F9A305}.Release|Any CPU.ActiveCfg = Release|Any CPU
		{3EED77E0-1C8D-4607-BE66-7D70E5F9A305}.Release|Any CPU.Build.0 = Release|Any CPU
	EndGlobalSection
	GlobalSection(SolutionProperties) = preSolution
		HideSolutionNode = FALSE
	EndGlobalSection
	GlobalSection(NestedProjects) = preSolution
		{5DF25510-BAC4-4C10-A3B6-15BB1E13EC00} = {9704EED6-AF66-465B-B180-AD606C16E4B4}
		{AE899031-1861-4099-8017-684A95B0FF46} = {82DEB440-3939-4497-9B6F-DC1974064195}
		{840FDA9E-75E0-4582-8E11-F14F7AD8C9D3} = {82DEB440-3939-4497-9B6F-DC1974064195}
		{3EED77E0-1C8D-4607-BE66-7D70E5F9A305} = {82DEB440-3939-4497-9B6F-DC1974064195}
	EndGlobalSection
	GlobalSection(ExtensibilityGlobals) = postSolution
		SolutionGuid = {66A15DE2-A124-48AE-BA52-C54F97B03114}
	EndGlobalSection
EndGlobal
